
Microsoft Visual Studio Solution File, Format Version 12.00
# Visual Studio Version 17
VisualStudioVersion = 17.10.35013.160
MinimumVisualStudioVersion = 10.0.40219.1
Project("{9A19103F-16F7-4668-BE54-9A1E7A4F7556}") = "Creaitive.RealEstateLeadAgent", "Creaitive.RealEstateLeadAgent\Creaitive.RealEstateLeadAgent.csproj", "{F36C0E8C-F46F-41AF-97A4-700A251360DD}"
EndProject
Global
	GlobalSection(SolutionConfigurationPlatforms) = preSolution
		Debug|Any CPU = Debug|Any CPU
		Release|Any CPU = Release|Any CPU
	EndGlobalSection
	GlobalSection(ProjectConfigurationPlatforms) = postSolution
		{F36C0E8C-F46F-41AF-97A4-700A251360DD}.Debug|Any CPU.ActiveCfg = Debug|Any CPU
		{F36C0E8C-F46F-41AF-97A4-700A251360DD}.Debug|Any CPU.Build.0 = Debug|Any CPU
		{F36C0E8C-F46F-41AF-97A4-700A251360DD}.Release|Any CPU.ActiveCfg = Release|Any CPU
		{F36C0E8C-F46F-41AF-97A4-700A251360DD}.Release|Any CPU.Build.0 = Release|Any CPU
	EndGlobalSection
	GlobalSection(SolutionProperties) = preSolution
		HideSolutionNode = FALSE
	EndGlobalSection
	GlobalSection(ExtensibilityGlobals) = postSolution
		SolutionGuid = {12269779-51E4-4E89-9747-D521AD7075A4}
	EndGlobalSection
EndGlobal
